// !$*UTF8*$!
{
	archiveVersion = 1;
	classes = {
	};
	objectVersion = 50;
	objects = {

/* Begin PBXBuildFile section */
		129B3FBF260B90AF00CF0DD9 /* AppDelegate.swift in Sources */ = {isa = PBXBuildFile; fileRef = 129B3FBE260B90AF00CF0DD9 /* AppDelegate.swift */; };
		129B3FC1260B90AF00CF0DD9 /* SceneDelegate.swift in Sources */ = {isa = PBXBuildFile; fileRef = 129B3FC0260B90AF00CF0DD9 /* SceneDelegate.swift */; };
		129B3FC6260B90AF00CF0DD9 /* Main.storyboard in Resources */ = {isa = PBXBuildFile; fileRef = 129B3FC4260B90AF00CF0DD9 /* Main.storyboard */; };
		129B3FC8260B90B500CF0DD9 /* Assets.xcassets in Resources */ = {isa = PBXBuildFile; fileRef = 129B3FC7260B90B500CF0DD9 /* Assets.xcassets */; };
		129B3FCB260B90B500CF0DD9 /* LaunchScreen.storyboard in Resources */ = {isa = PBXBuildFile; fileRef = 129B3FC9260B90B500CF0DD9 /* LaunchScreen.storyboard */; };
		129B3FD5260B927F00CF0DD9 /* NamesTableViewController.swift in Sources */ = {isa = PBXBuildFile; fileRef = 129B3FD4260B927F00CF0DD9 /* NamesTableViewController.swift */; };
		12B0C2C32614CC9200E343DF /* PeriodTableViewController.swift in Sources */ = {isa = PBXBuildFile; fileRef = 12B0C2C22614CC9200E343DF /* PeriodTableViewController.swift */; };
/* End PBXBuildFile section */

/* Begin PBXFileReference section */
		129B3FBB260B90AF00CF0DD9 /* PickADriver.app */ = {isa = PBXFileReference; explicitFileType = wrapper.application; includeInIndex = 0; path = PickADriver.app; sourceTree = BUILT_PRODUCTS_DIR; };
		129B3FBE260B90AF00CF0DD9 /* AppDelegate.swift */ = {isa = PBXFileReference; lastKnownFileType = sourcecode.swift; path = AppDelegate.swift; sourceTree = "<group>"; };
		129B3FC0260B90AF00CF0DD9 /* SceneDelegate.swift */ = {isa = PBXFileReference; lastKnownFileType = sourcecode.swift; path = SceneDelegate.swift; sourceTree = "<group>"; };
		129B3FC5260B90AF00CF0DD9 /* Base */ = {isa = PBXFileReference; lastKnownFileType = file.storyboard; name = Base; path = Base.lproj/Main.storyboard; sourceTree = "<group>"; };
		129B3FC7260B90B500CF0DD9 /* Assets.xcassets */ = {isa = PBXFileReference; lastKnownFileType = folder.assetcatalog; path = Assets.xcassets; sourceTree = "<group>"; };
		129B3FCA260B90B500CF0DD9 /* Base */ = {isa = PBXFileReference; lastKnownFileType = file.storyboard; name = Base; path = Base.lproj/LaunchScreen.storyboard; sourceTree = "<group>"; };
		129B3FCC260B90B500CF0DD9 /* Info.plist */ = {isa = PBXFileReference; lastKnownFileType = text.plist.xml; path = Info.plist; sourceTree = "<group>"; };
		129B3FD4260B927F00CF0DD9 /* NamesTableViewController.swift */ = {isa = PBXFileReference; lastKnownFileType = sourcecode.swift; path = NamesTableViewController.swift; sourceTree = "<group>"; };
		12B0C2C22614CC9200E343DF /* PeriodTableViewController.swift */ = {isa = PBXFileReference; lastKnownFileType = sourcecode.swift; path = PeriodTableViewController.swift; sourceTree = "<group>"; };
/* End PBXFileReference section */

/* Begin PBXFrameworksBuildPhase section */
		129B3FB8260B90AF00CF0DD9 /* Frameworks */ = {
			isa = PBXFrameworksBuildPhase;
			buildActionMask = 2147483647;
			files = (
			);
			runOnlyForDeploymentPostprocessing = 0;
		};
/* End PBXFrameworksBuildPhase section */

/* Begin PBXGroup section */
		129B3FB2260B90AF00CF0DD9 = {
			isa = PBXGroup;
			children = (
				129B3FBD260B90AF00CF0DD9 /* PickADriver */,
				129B3FBC260B90AF00CF0DD9 /* Products */,
			);
			sourceTree = "<group>";
		};
		129B3FBC260B90AF00CF0DD9 /* Products */ = {
			isa = PBXGroup;
			children = (
				129B3FBB260B90AF00CF0DD9 /* PickADriver.app */,
			);
			name = Products;
			sourceTree = "<group>";
		};
		129B3FBD260B90AF00CF0DD9 /* PickADriver */ = {
			isa = PBXGroup;
			children = (
				129B3FBE260B90AF00CF0DD9 /* AppDelegate.swift */,
				129B3FC0260B90AF00CF0DD9 /* SceneDelegate.swift */,
				129B3FC4260B90AF00CF0DD9 /* Main.storyboard */,
				12B0C2C22614CC9200E343DF /* PeriodTableViewController.swift */,
				129B3FD4260B927F00CF0DD9 /* NamesTableViewController.swift */,
				129B3FC7260B90B500CF0DD9 /* Assets.xcassets */,
				129B3FC9260B90B500CF0DD9 /* LaunchScreen.storyboard */,
				129B3FCC260B90B500CF0DD9 /* Info.plist */,
			);
			path = PickADriver;
			sourceTree = "<group>";
		};
/* End PBXGroup section */

/* Begin PBXNativeTarget section */
		129B3FBA260B90AF00CF0DD9 /* PickADriver */ = {
			isa = PBXNativeTarget;
			buildConfigurationList = 129B3FCF260B90B500CF0DD9 /* Build configuration list for PBXNativeTarget "PickADriver" */;
			buildPhases = (
				129B3FB7260B90AF00CF0DD9 /* Sources */,
				129B3FB8260B90AF00CF0DD9 /* Frameworks */,
				129B3FB9260B90AF00CF0DD9 /* Resources */,
			);
			buildRules = (
			);
			dependencies = (
			);
			name = PickADriver;
			productName = PickADriver;
			productReference = 129B3FBB260B90AF00CF0DD9 /* PickADriver.app */;
			productType = "com.apple.product-type.application";
		};
/* End PBXNativeTarget section */

/* Begin PBXProject section */
		129B3FB3260B90AF00CF0DD9 /* Project object */ = {
			isa = PBXProject;
			attributes = {
				LastSwiftUpdateCheck = 1230;
				LastUpgradeCheck = 1230;
				TargetAttributes = {
					129B3FBA260B90AF00CF0DD9 = {
						CreatedOnToolsVersion = 12.3;
					};
				};
			};
			buildConfigurationList = 129B3FB6260B90AF00CF0DD9 /* Build configuration list for PBXProject "PickADriver" */;
			compatibilityVersion = "Xcode 9.3";
			developmentRegion = en;
			hasScannedForEncodings = 0;
			knownRegions = (
				en,
				Base,
			);
			mainGroup = 129B3FB2260B90AF00CF0DD9;
			productRefGroup = 129B3FBC260B90AF00CF0DD9 /* Products */;
			projectDirPath = "";
			projectRoot = "";
			targets = (
				129B3FBA260B90AF00CF0DD9 /* PickADriver */,
			);
		};
/* End PBXProject section */

/* Begin PBXResourcesBuildPhase section */
		129B3FB9260B90AF00CF0DD9 /* Resources */ = {
			isa = PBXResourcesBuildPhase;
			buildActionMask = 2147483647;
			files = (
				129B3FCB260B90B500CF0DD9 /* LaunchScreen.storyboard in Resources */,
				129B3FC8260B90B500CF0DD9 /* Assets.xcassets in Resources */,
				129B3FC6260B90AF00CF0DD9 /* Main.storyboard in Resources */,
			);
			runOnlyForDeploymentPostprocessing = 0;
		};
/* End PBXResourcesBuildPhase section */

/* Begin PBXSourcesBuildPhase section */
		129B3FB7260B90AF00CF0DD9 /* Sources */ = {
			isa = PBXSourcesBuildPhase;
			buildActionMask = 2147483647;
			files = (
				12B0C2C32614CC9200E343DF /* PeriodTableViewController.swift in Sources */,
				129B3FBF260B90AF00CF0DD9 /* AppDelegate.swift in Sources */,
				129B3FD5260B927F00CF0DD9 /* NamesTableViewController.swift in Sources */,
				129B3FC1260B90AF00CF0DD9 /* SceneDelegate.swift in Sources */,
			);
			runOnlyForDeploymentPostprocessing = 0;
		};
/* End PBXSourcesBuildPhase section */

/* Begin PBXVariantGroup section */
		129B3FC4260B90AF00CF0DD9 /* Main.storyboard */ = {
			isa = PBXVariantGroup;
			children = (
				129B3FC5260B90AF00CF0DD9 /* Base */,
			);
			name = Main.storyboard;
			sourceTree = "<group>";
		};
		129B3FC9260B90B500CF0DD9 /* LaunchScreen.storyboard */ = {
			isa = PBXVariantGroup;
			children = (
				129B3FCA260B90B500CF0DD9 /* Base */,
			);
			name = LaunchScreen.storyboard;
			sourceTree = "<group>";
		};
/* End PBXVariantGroup section */

/* Begin XCBuildConfiguration section */
		129B3FCD260B90B500CF0DD9 /* Debug */ = {
			isa = XCBuildConfiguration;
			buildSettings = {
				ALWAYS_SEARCH_USER_PATHS = NO;
				CLANG_ANALYZER_NONNULL = YES;
				CLANG_ANALYZER_NUMBER_OBJECT_CONVERSION = YES_AGGRESSIVE;
				CLANG_CXX_LANGUAGE_STANDARD = "gnu++14";
				CLANG_CXX_LIBRARY = "libc++";
				CLANG_ENABLE_MODULES = YES;
				CLANG_ENABLE_OBJC_ARC = YES;
				CLANG_ENABLE_OBJC_WEAK = YES;
				CLANG_WARN_BLOCK_CAPTURE_AUTORELEASING = YES;
				CLANG_WARN_BOOL_CONVERSION = YES;
				CLANG_WARN_COMMA = YES;
				CLANG_WARN_CONSTANT_CONVERSION = YES;
				CLANG_WARN_DEPRECATED_OBJC_IMPLEMENTATIONS = YES;
				CLANG_WARN_DIRECT_OBJC_ISA_USAGE = YES_ERROR;
				CLANG_WARN_DOCUMENTATION_COMMENTS = YES;
				CLANG_WARN_EMPTY_BODY = YES;
				CLANG_WARN_ENUM_CONVERSION = YES;
				CLANG_WARN_INFINITE_RECURSION = YES;
				CLANG_WARN_INT_CONVERSION = YES;
				CLANG_WARN_NON_LITERAL_NULL_CONVERSION = YES;
				CLANG_WARN_OBJC_IMPLICIT_RETAIN_SELF = YES;
				CLANG_WARN_OBJC_LITERAL_CONVERSION = YES;
				CLANG_WARN_OBJC_ROOT_CLASS = YES_ERROR;
				CLANG_WARN_QUOTED_INCLUDE_IN_FRAMEWORK_HEADER = YES;
				CLANG_WARN_RANGE_LOOP_ANALYSIS = YES;
				CLANG_WARN_STRICT_PROTOTYPES = YES;
				CLANG_WARN_SUSPICIOUS_MOVE = YES;
				CLANG_WARN_UNGUARDED_AVAILABILITY = YES_AGGRESSIVE;
				CLANG_WARN_UNREACHABLE_CODE = YES;
				CLANG_WARN__DUPLICATE_METHOD_MATCH = YES;
				COPY_PHASE_STRIP = NO;
				DEBUG_INFORMATION_FORMAT = dwarf;
				ENABLE_STRICT_OBJC_MSGSEND = YES;
				ENABLE_TESTABILITY = YES;
				GCC_C_LANGUAGE_STANDARD = gnu11;
				GCC_DYNAMIC_NO_PIC = NO;
				GCC_NO_COMMON_BLOCKS = YES;
				GCC_OPTIMIZATION_LEVEL = 0;
				GCC_PREPROCESSOR_DEFINITIONS = (
					"DEBUG=1",
					"$(inherited)",
				);
				GCC_WARN_64_TO_32_BIT_CONVERSION = YES;
				GCC_WARN_ABOUT_RETURN_TYPE = YES_ERROR;
				GCC_WARN_UNDECLARED_SELECTOR = YES;
				GCC_WARN_UNINITIALIZED_AUTOS = YES_AGGRESSIVE;
				GCC_WARN_UNUSED_FUNCTION = YES;
				GCC_WARN_UNUSED_VARIABLE = YES;
				IPHONEOS_DEPLOYMENT_TARGET = 14.3;
				MTL_ENABLE_DEBUG_INFO = INCLUDE_SOURCE;
				MTL_FAST_MATH = YES;
				ONLY_ACTIVE_ARCH = YES;
				SDKROOT = iphoneos;
				SWIFT_ACTIVE_COMPILATION_CONDITIONS = DEBUG;
				SWIFT_OPTIMIZATION_LEVEL = "-Onone";
			};
			name = Debug;
		};
		129B3FCE260B90B500CF0DD9 /* Release */ = {
			isa = XCBuildConfiguration;
			buildSettings = {
				ALWAYS_SEARCH_USER_PATHS = NO;
				CLANG_ANALYZER_NONNULL = YES;
				CLANG_ANALYZER_NUMBER_OBJECT_CONVERSION = YES_AGGRESSIVE;
				CLANG_CXX_LANGUAGE_STANDARD = "gnu++14";
				CLANG_CXX_LIBRARY = "libc++";
				CLANG_ENABLE_MODULES = YES;
				CLANG_ENABLE_OBJC_ARC = YES;
				CLANG_ENABLE_OBJC_WEAK = YES;
				CLANG_WARN_BLOCK_CAPTURE_AUTORELEASING = YES;
				CLANG_WARN_BOOL_CONVERSION = YES;
				CLANG_WARN_COMMA = YES;
				CLANG_WARN_CONSTANT_CONVERSION = YES;
				CLANG_WARN_DEPRECATED_OBJC_IMPLEMENTATIONS = YES;
				CLANG_WARN_DIRECT_OBJC_ISA_USAGE = YES_ERROR;
				CLANG_WARN_DOCUMENTATION_COMMENTS = YES;
				CLANG_WARN_EMPTY_BODY = YES;
				CLANG_WARN_ENUM_CONVERSION = YES;
				CLANG_WARN_INFINITE_RECURSION = YES;
				CLANG_WARN_INT_CONVERSION = YES;
				CLANG_WARN_NON_LITERAL_NULL_CONVERSION = YES;
				CLANG_WARN_OBJC_IMPLICIT_RETAIN_SELF = YES;
				CLANG_WARN_OBJC_LITERAL_CONVERSION = YES;
				CLANG_WARN_OBJC_ROOT_CLASS = YES_ERROR;
				CLANG_WARN_QUOTED_INCLUDE_IN_FRAMEWORK_HEADER = YES;
				CLANG_WARN_RANGE_LOOP_ANALYSIS = YES;
				CLANG_WARN_STRICT_PROTOTYPES = YES;
				CLANG_WARN_SUSPICIOUS_MOVE = YES;
				CLANG_WARN_UNGUARDED_AVAILABILITY = YES_AGGRESSIVE;
				CLANG_WARN_UNREACHABLE_CODE = YES;
				CLANG_WARN__DUPLICATE_METHOD_MATCH = YES;
				COPY_PHASE_STRIP = NO;
				DEBUG_INFORMATION_FORMAT = "dwarf-with-dsym";
				ENABLE_NS_ASSERTIONS = NO;
				ENABLE_STRICT_OBJC_MSGSEND = YES;
				GCC_C_LANGUAGE_STANDARD = gnu11;
				GCC_NO_COMMON_BLOCKS = YES;
				GCC_WARN_64_TO_32_BIT_CONVERSION = YES;
				GCC_WARN_ABOUT_RETURN_TYPE = YES_ERROR;
				GCC_WARN_UNDECLARED_SELECTOR = YES;
				GCC_WARN_UNINITIALIZED_AUTOS = YES_AGGRESSIVE;
				GCC_WARN_UNUSED_FUNCTION = YES;
				GCC_WARN_UNUSED_VARIABLE = YES;
				IPHONEOS_DEPLOYMENT_TARGET = 14.3;
				MTL_ENABLE_DEBUG_INFO = NO;
				MTL_FAST_MATH = YES;
				SDKROOT = iphoneos;
				SWIFT_COMPILATION_MODE = wholemodule;
				SWIFT_OPTIMIZATION_LEVEL = "-O";
				VALIDATE_PRODUCT = YES;
			};
			name = Release;
		};
		129B3FD0260B90B500CF0DD9 /* Debug */ = {
			isa = XCBuildConfiguration;
			buildSettings = {
				ASSETCATALOG_COMPILER_APPICON_NAME = AppIcon;
				ASSETCATALOG_COMPILER_GLOBAL_ACCENT_COLOR_NAME = AccentColor;
				CODE_SIGN_STYLE = Automatic;
				DEVELOPMENT_TEAM = 8T7B2SBX3D;
				INFOPLIST_FILE = PickADriver/Info.plist;
				LD_RUNPATH_SEARCH_PATHS = (
					"$(inherited)",
					"@executable_path/Frameworks",
				);
				PRODUCT_BUNDLE_IDENTIFIER = AJ.PickADriver;
				PRODUCT_NAME = "$(TARGET_NAME)";
				SWIFT_VERSION = 5.0;
				TARGETED_DEVICE_FAMILY = "1,2";
			};
			name = Debug;
		};
		129B3FD1260B90B500CF0DD9 /* Release */ = {
			isa = XCBuildConfiguration;
			buildSettings = {
				ASSETCATALOG_COMPILER_APPICON_NAME = AppIcon;
				ASSETCATALOG_COMPILER_GLOBAL_ACCENT_COLOR_NAME = AccentColor;
				CODE_SIGN_STYLE = Automatic;
				DEVELOPMENT_TEAM = 8T7B2SBX3D;
				INFOPLIST_FILE = PickADriver/Info.plist;
				LD_RUNPATH_SEARCH_PATHS = (
					"$(inherited)",
					"@executable_path/Frameworks",
				);
				PRODUCT_BUNDLE_IDENTIFIER = AJ.PickADriver;
				PRODUCT_NAME = "$(TARGET_NAME)";
				SWIFT_VERSION = 5.0;
				TARGETED_DEVICE_FAMILY = "1,2";
			};
			name = Release;
		};
/* End XCBuildConfiguration section */

/* Begin XCConfigurationList section */
		129B3FB6260B90AF00CF0DD9 /* Build configuration list for PBXProject "PickADriver" */ = {
			isa = XCConfigurationList;
			buildConfigurations = (
				129B3FCD260B90B500CF0DD9 /* Debug */,
				129B3FCE260B90B500CF0DD9 /* Release */,
			);
			defaultConfigurationIsVisible = 0;
			defaultConfigurationName = Release;
		};
		129B3FCF260B90B500CF0DD9 /* Build configuration list for PBXNativeTarget "PickADriver" */ = {
			isa = XCConfigurationList;
			buildConfigurations = (
				129B3FD0260B90B500CF0DD9 /* Debug */,
				129B3FD1260B90B500CF0DD9 /* Release */,
			);
			defaultConfigurationIsVisible = 0;
			defaultConfigurationName = Release;
		};
/* End XCConfigurationList section */
	};
	rootObject = 129B3FB3260B90AF00CF0DD9 /* Project object */;
}
